// !$*UTF8*$!
{
	archiveVersion = 1;
	classes = {
	};
	objectVersion = 46;
	objects = {

/* Begin PBXBuildFile section */
		0E34E8F41E08EDD800209919 /* GameObjectNode.swift in Sources */ = {isa = PBXBuildFile; fileRef = 0E34E8F31E08EDD800209919 /* GameObjectNode.swift */; };
		0E34E8F61E0A1E5200209919 /* platform1.png in Resources */ = {isa = PBXBuildFile; fileRef = 0E34E8F51E0A1E5200209919 /* platform1.png */; };
		0E5C0B1D1E7729090003DF40 /* Level01.plist in Resources */ = {isa = PBXBuildFile; fileRef = 0E5C0B1C1E7729090003DF40 /* Level01.plist */; };
		0E68C3231E0382A900C3CD4C /* AppDelegate.swift in Sources */ = {isa = PBXBuildFile; fileRef = 0E68C3221E0382A900C3CD4C /* AppDelegate.swift */; };
		0E68C3291E0382A900C3CD4C /* GameScene.swift in Sources */ = {isa = PBXBuildFile; fileRef = 0E68C3281E0382A900C3CD4C /* GameScene.swift */; };
		0E68C32B1E0382A900C3CD4C /* GameViewController.swift in Sources */ = {isa = PBXBuildFile; fileRef = 0E68C32A1E0382A900C3CD4C /* GameViewController.swift */; };
		0E68C32E1E0382A900C3CD4C /* Main.storyboard in Resources */ = {isa = PBXBuildFile; fileRef = 0E68C32C1E0382A900C3CD4C /* Main.storyboard */; };
		0E68C3301E0382A900C3CD4C /* Assets.xcassets in Resources */ = {isa = PBXBuildFile; fileRef = 0E68C32F1E0382A900C3CD4C /* Assets.xcassets */; };
		0E68C33E1E0382A900C3CD4C /* ProjectNoNameTests.swift in Sources */ = {isa = PBXBuildFile; fileRef = 0E68C33D1E0382A900C3CD4C /* ProjectNoNameTests.swift */; };
		0E68C3491E0382AA00C3CD4C /* ProjectNoNameUITests.swift in Sources */ = {isa = PBXBuildFile; fileRef = 0E68C3481E0382AA00C3CD4C /* ProjectNoNameUITests.swift */; };
		0EF569DE1E08E1C200E380C7 /* whiteCircle.png in Resources */ = {isa = PBXBuildFile; fileRef = 0EF569DD1E08E1C200E380C7 /* whiteCircle.png */; };
		8BF0288D1EBC1643009AEE9F /* platform2.png in Resources */ = {isa = PBXBuildFile; fileRef = 8BF0288C1EBC1643009AEE9F /* platform2.png */; };
		8BF028901EBD3238009AEE9F /* Platform.swift in Sources */ = {isa = PBXBuildFile; fileRef = 8BF0288F1EBD3238009AEE9F /* Platform.swift */; };
		8BF028921EBD325A009AEE9F /* PlatformGenerator.swift in Sources */ = {isa = PBXBuildFile; fileRef = 8BF028911EBD325A009AEE9F /* PlatformGenerator.swift */; };
		8BF028951EBDA820009AEE9F /* LaunchScreen.xib in Resources */ = {isa = PBXBuildFile; fileRef = 8BF028931EBDA820009AEE9F /* LaunchScreen.xib */; };
		8BF028971EBE7B80009AEE9F /* Ball.swift in Sources */ = {isa = PBXBuildFile; fileRef = 8BF028961EBE7B80009AEE9F /* Ball.swift */; };
		8BF0289A1EBEAD67009AEE9F /* ScoreLabel.swift in Sources */ = {isa = PBXBuildFile; fileRef = 8BF028991EBEAD67009AEE9F /* ScoreLabel.swift */; };
		8BF0289D1EBF0CBF009AEE9F /* ToDo.txt in Resources */ = {isa = PBXBuildFile; fileRef = 8BF0289C1EBF0CBF009AEE9F /* ToDo.txt */; };
/* End PBXBuildFile section */

/* Begin PBXContainerItemProxy section */
		0E68C33A1E0382A900C3CD4C /* PBXContainerItemProxy */ = {
			isa = PBXContainerItemProxy;
			containerPortal = 0E68C3171E0382A900C3CD4C /* Project object */;
			proxyType = 1;
			remoteGlobalIDString = 0E68C31E1E0382A900C3CD4C;
			remoteInfo = ProjectNoName;
		};
		0E68C3451E0382AA00C3CD4C /* PBXContainerItemProxy */ = {
			isa = PBXContainerItemProxy;
			containerPortal = 0E68C3171E0382A900C3CD4C /* Project object */;
			proxyType = 1;
			remoteGlobalIDString = 0E68C31E1E0382A900C3CD4C;
			remoteInfo = ProjectNoName;
		};
/* End PBXContainerItemProxy section */

/* Begin PBXFileReference section */
		0E34E8F31E08EDD800209919 /* GameObjectNode.swift */ = {isa = PBXFileReference; fileEncoding = 4; lastKnownFileType = sourcecode.swift; path = GameObjectNode.swift; sourceTree = "<group>"; };
		0E34E8F51E0A1E5200209919 /* platform1.png */ = {isa = PBXFileReference; lastKnownFileType = image.png; path = platform1.png; sourceTree = "<group>"; };
		0E5C0B1C1E7729090003DF40 /* Level01.plist */ = {isa = PBXFileReference; fileEncoding = 4; lastKnownFileType = text.plist.xml; path = Level01.plist; sourceTree = "<group>"; };
		0E68C31F1E0382A900C3CD4C /* ProjectNoName.app */ = {isa = PBXFileReference; explicitFileType = wrapper.application; includeInIndex = 0; path = ProjectNoName.app; sourceTree = BUILT_PRODUCTS_DIR; };
		0E68C3221E0382A900C3CD4C /* AppDelegate.swift */ = {isa = PBXFileReference; lastKnownFileType = sourcecode.swift; path = AppDelegate.swift; sourceTree = "<group>"; };
		0E68C3281E0382A900C3CD4C /* GameScene.swift */ = {isa = PBXFileReference; lastKnownFileType = sourcecode.swift; path = GameScene.swift; sourceTree = "<group>"; };
		0E68C32A1E0382A900C3CD4C /* GameViewController.swift */ = {isa = PBXFileReference; lastKnownFileType = sourcecode.swift; path = GameViewController.swift; sourceTree = "<group>"; };
		0E68C32D1E0382A900C3CD4C /* Base */ = {isa = PBXFileReference; lastKnownFileType = file.storyboard; name = Base; path = Base.lproj/Main.storyboard; sourceTree = "<group>"; };
		0E68C32F1E0382A900C3CD4C /* Assets.xcassets */ = {isa = PBXFileReference; lastKnownFileType = folder.assetcatalog; path = Assets.xcassets; sourceTree = "<group>"; };
		0E68C3341E0382A900C3CD4C /* Info.plist */ = {isa = PBXFileReference; lastKnownFileType = text.plist.xml; path = Info.plist; sourceTree = "<group>"; };
		0E68C3391E0382A900C3CD4C /* ProjectNoNameTests.xctest */ = {isa = PBXFileReference; explicitFileType = wrapper.cfbundle; includeInIndex = 0; path = ProjectNoNameTests.xctest; sourceTree = BUILT_PRODUCTS_DIR; };
		0E68C33D1E0382A900C3CD4C /* ProjectNoNameTests.swift */ = {isa = PBXFileReference; lastKnownFileType = sourcecode.swift; path = ProjectNoNameTests.swift; sourceTree = "<group>"; };
		0E68C33F1E0382AA00C3CD4C /* Info.plist */ = {isa = PBXFileReference; lastKnownFileType = text.plist.xml; path = Info.plist; sourceTree = "<group>"; };
		0E68C3441E0382AA00C3CD4C /* ProjectNoNameUITests.xctest */ = {isa = PBXFileReference; explicitFileType = wrapper.cfbundle; includeInIndex = 0; path = ProjectNoNameUITests.xctest; sourceTree = BUILT_PRODUCTS_DIR; };
		0E68C3481E0382AA00C3CD4C /* ProjectNoNameUITests.swift */ = {isa = PBXFileReference; lastKnownFileType = sourcecode.swift; path = ProjectNoNameUITests.swift; sourceTree = "<group>"; };
		0E68C34A1E0382AA00C3CD4C /* Info.plist */ = {isa = PBXFileReference; lastKnownFileType = text.plist.xml; path = Info.plist; sourceTree = "<group>"; };
		0EF569DD1E08E1C200E380C7 /* whiteCircle.png */ = {isa = PBXFileReference; lastKnownFileType = image.png; path = whiteCircle.png; sourceTree = "<group>"; };
		8BF0288C1EBC1643009AEE9F /* platform2.png */ = {isa = PBXFileReference; lastKnownFileType = image.png; path = platform2.png; sourceTree = "<group>"; };
		8BF0288F1EBD3238009AEE9F /* Platform.swift */ = {isa = PBXFileReference; fileEncoding = 4; lastKnownFileType = sourcecode.swift; path = Platform.swift; sourceTree = "<group>"; };
		8BF028911EBD325A009AEE9F /* PlatformGenerator.swift */ = {isa = PBXFileReference; fileEncoding = 4; lastKnownFileType = sourcecode.swift; path = PlatformGenerator.swift; sourceTree = "<group>"; };
		8BF028941EBDA820009AEE9F /* Base */ = {isa = PBXFileReference; lastKnownFileType = file.xib; name = Base; path = Base.lproj/LaunchScreen.xib; sourceTree = "<group>"; };
		8BF028961EBE7B80009AEE9F /* Ball.swift */ = {isa = PBXFileReference; fileEncoding = 4; lastKnownFileType = sourcecode.swift; path = Ball.swift; sourceTree = "<group>"; };
		8BF028991EBEAD67009AEE9F /* ScoreLabel.swift */ = {isa = PBXFileReference; fileEncoding = 4; lastKnownFileType = sourcecode.swift; path = ScoreLabel.swift; sourceTree = "<group>"; };
		8BF0289C1EBF0CBF009AEE9F /* ToDo.txt */ = {isa = PBXFileReference; fileEncoding = 4; lastKnownFileType = text; path = ToDo.txt; sourceTree = "<group>"; };
/* End PBXFileReference section */

/* Begin PBXFrameworksBuildPhase section */
		0E68C31C1E0382A900C3CD4C /* Frameworks */ = {
			isa = PBXFrameworksBuildPhase;
			buildActionMask = 2147483647;
			files = (
			);
			runOnlyForDeploymentPostprocessing = 0;
		};
		0E68C3361E0382A900C3CD4C /* Frameworks */ = {
			isa = PBXFrameworksBuildPhase;
			buildActionMask = 2147483647;
			files = (
			);
			runOnlyForDeploymentPostprocessing = 0;
		};
		0E68C3411E0382AA00C3CD4C /* Frameworks */ = {
			isa = PBXFrameworksBuildPhase;
			buildActionMask = 2147483647;
			files = (
			);
			runOnlyForDeploymentPostprocessing = 0;
		};
/* End PBXFrameworksBuildPhase section */

/* Begin PBXGroup section */
		0E68C3161E0382A900C3CD4C = {
			isa = PBXGroup;
			children = (
				0E68C3211E0382A900C3CD4C /* ProjectNoName */,
				0E68C33C1E0382A900C3CD4C /* ProjectNoNameTests */,
				0E68C3471E0382AA00C3CD4C /* ProjectNoNameUITests */,
				0E68C3201E0382A900C3CD4C /* Products */,
			);
			sourceTree = "<group>";
		};
		0E68C3201E0382A900C3CD4C /* Products */ = {
			isa = PBXGroup;
			children = (
				0E68C31F1E0382A900C3CD4C /* ProjectNoName.app */,
				0E68C3391E0382A900C3CD4C /* ProjectNoNameTests.xctest */,
				0E68C3441E0382AA00C3CD4C /* ProjectNoNameUITests.xctest */,
			);
			name = Products;
			sourceTree = "<group>";
		};
		0E68C3211E0382A900C3CD4C /* ProjectNoName */ = {
			isa = PBXGroup;
			children = (
				8BF0289C1EBF0CBF009AEE9F /* ToDo.txt */,
				8BF0288B1EBC1604009AEE9F /* images */,
				0E5C0B1C1E7729090003DF40 /* Level01.plist */,
				0E34E8F31E08EDD800209919 /* GameObjectNode.swift */,
				0E68C3221E0382A900C3CD4C /* AppDelegate.swift */,
				0E68C3281E0382A900C3CD4C /* GameScene.swift */,
				0E68C32A1E0382A900C3CD4C /* GameViewController.swift */,
				8BF0289B1EBECDAA009AEE9F /* Objects */,
				0E68C32C1E0382A900C3CD4C /* Main.storyboard */,
				0E68C32F1E0382A900C3CD4C /* Assets.xcassets */,
				8BF028931EBDA820009AEE9F /* LaunchScreen.xib */,
				0E68C3341E0382A900C3CD4C /* Info.plist */,
			);
			path = ProjectNoName;
			sourceTree = "<group>";
		};
		0E68C33C1E0382A900C3CD4C /* ProjectNoNameTests */ = {
			isa = PBXGroup;
			children = (
				0E68C33D1E0382A900C3CD4C /* ProjectNoNameTests.swift */,
				0E68C33F1E0382AA00C3CD4C /* Info.plist */,
			);
			path = ProjectNoNameTests;
			sourceTree = "<group>";
		};
		0E68C3471E0382AA00C3CD4C /* ProjectNoNameUITests */ = {
			isa = PBXGroup;
			children = (
				0E68C3481E0382AA00C3CD4C /* ProjectNoNameUITests.swift */,
				0E68C34A1E0382AA00C3CD4C /* Info.plist */,
			);
			path = ProjectNoNameUITests;
			sourceTree = "<group>";
		};
		8BF0288B1EBC1604009AEE9F /* images */ = {
			isa = PBXGroup;
			children = (
				0EF569DD1E08E1C200E380C7 /* whiteCircle.png */,
				0E34E8F51E0A1E5200209919 /* platform1.png */,
				8BF0288C1EBC1643009AEE9F /* platform2.png */,
			);
			name = images;
			sourceTree = "<group>";
		};
		8BF0288E1EBD3208009AEE9F /* Platform Generation */ = {
			isa = PBXGroup;
			children = (
				8BF028911EBD325A009AEE9F /* PlatformGenerator.swift */,
				8BF0288F1EBD3238009AEE9F /* Platform.swift */,
			);
			name = "Platform Generation";
			sourceTree = "<group>";
		};
		8BF028981EBEAD52009AEE9F /* Labels */ = {
			isa = PBXGroup;
			children = (
				8BF028991EBEAD67009AEE9F /* ScoreLabel.swift */,
			);
			name = Labels;
			sourceTree = "<group>";
		};
		8BF0289B1EBECDAA009AEE9F /* Objects */ = {
			isa = PBXGroup;
			children = (
				8BF028961EBE7B80009AEE9F /* Ball.swift */,
				8BF0288E1EBD3208009AEE9F /* Platform Generation */,
				8BF028981EBEAD52009AEE9F /* Labels */,
			);
			name = Objects;
			sourceTree = "<group>";
		};
/* End PBXGroup section */

/* Begin PBXNativeTarget section */
		0E68C31E1E0382A900C3CD4C /* ProjectNoName */ = {
			isa = PBXNativeTarget;
			buildConfigurationList = 0E68C34D1E0382AA00C3CD4C /* Build configuration list for PBXNativeTarget "ProjectNoName" */;
			buildPhases = (
				0E68C31B1E0382A900C3CD4C /* Sources */,
				0E68C31C1E0382A900C3CD4C /* Frameworks */,
				0E68C31D1E0382A900C3CD4C /* Resources */,
			);
			buildRules = (
			);
			dependencies = (
			);
			name = ProjectNoName;
			productName = ProjectNoName;
			productReference = 0E68C31F1E0382A900C3CD4C /* ProjectNoName.app */;
			productType = "com.apple.product-type.application";
		};
		0E68C3381E0382A900C3CD4C /* ProjectNoNameTests */ = {
			isa = PBXNativeTarget;
			buildConfigurationList = 0E68C3501E0382AA00C3CD4C /* Build configuration list for PBXNativeTarget "ProjectNoNameTests" */;
			buildPhases = (
				0E68C3351E0382A900C3CD4C /* Sources */,
				0E68C3361E0382A900C3CD4C /* Frameworks */,
				0E68C3371E0382A900C3CD4C /* Resources */,
			);
			buildRules = (
			);
			dependencies = (
				0E68C33B1E0382A900C3CD4C /* PBXTargetDependency */,
			);
			name = ProjectNoNameTests;
			productName = ProjectNoNameTests;
			productReference = 0E68C3391E0382A900C3CD4C /* ProjectNoNameTests.xctest */;
			productType = "com.apple.product-type.bundle.unit-test";
		};
		0E68C3431E0382AA00C3CD4C /* ProjectNoNameUITests */ = {
			isa = PBXNativeTarget;
			buildConfigurationList = 0E68C3531E0382AA00C3CD4C /* Build configuration list for PBXNativeTarget "ProjectNoNameUITests" */;
			buildPhases = (
				0E68C3401E0382AA00C3CD4C /* Sources */,
				0E68C3411E0382AA00C3CD4C /* Frameworks */,
				0E68C3421E0382AA00C3CD4C /* Resources */,
			);
			buildRules = (
			);
			dependencies = (
				0E68C3461E0382AA00C3CD4C /* PBXTargetDependency */,
			);
			name = ProjectNoNameUITests;
			productName = ProjectNoNameUITests;
			productReference = 0E68C3441E0382AA00C3CD4C /* ProjectNoNameUITests.xctest */;
			productType = "com.apple.product-type.bundle.ui-testing";
		};
/* End PBXNativeTarget section */

/* Begin PBXProject section */
		0E68C3171E0382A900C3CD4C /* Project object */ = {
			isa = PBXProject;
			attributes = {
				LastSwiftUpdateCheck = 0810;
				LastUpgradeCheck = 0820;
				ORGANIZATIONNAME = "Palm Studios";
				TargetAttributes = {
					0E68C31E1E0382A900C3CD4C = {
						CreatedOnToolsVersion = 8.1;
						DevelopmentTeam = F8V4848TSM;
						ProvisioningStyle = Automatic;
					};
					0E68C3381E0382A900C3CD4C = {
						CreatedOnToolsVersion = 8.1;
						ProvisioningStyle = Automatic;
						TestTargetID = 0E68C31E1E0382A900C3CD4C;
					};
					0E68C3431E0382AA00C3CD4C = {
						CreatedOnToolsVersion = 8.1;
						ProvisioningStyle = Automatic;
						TestTargetID = 0E68C31E1E0382A900C3CD4C;
					};
				};
			};
			buildConfigurationList = 0E68C31A1E0382A900C3CD4C /* Build configuration list for PBXProject "ProjectNoName" */;
			compatibilityVersion = "Xcode 3.2";
			developmentRegion = English;
			hasScannedForEncodings = 0;
			knownRegions = (
				en,
				Base,
			);
			mainGroup = 0E68C3161E0382A900C3CD4C;
			productRefGroup = 0E68C3201E0382A900C3CD4C /* Products */;
			projectDirPath = "";
			projectRoot = "";
			targets = (
				0E68C31E1E0382A900C3CD4C /* ProjectNoName */,
				0E68C3381E0382A900C3CD4C /* ProjectNoNameTests */,
				0E68C3431E0382AA00C3CD4C /* ProjectNoNameUITests */,
			);
		};
/* End PBXProject section */

/* Begin PBXResourcesBuildPhase section */
		0E68C31D1E0382A900C3CD4C /* Resources */ = {
			isa = PBXResourcesBuildPhase;
			buildActionMask = 2147483647;
			files = (
				0E68C32E1E0382A900C3CD4C /* Main.storyboard in Resources */,
				0E34E8F61E0A1E5200209919 /* platform1.png in Resources */,
				0E5C0B1D1E7729090003DF40 /* Level01.plist in Resources */,
				0EF569DE1E08E1C200E380C7 /* whiteCircle.png in Resources */,
				8BF0289D1EBF0CBF009AEE9F /* ToDo.txt in Resources */,
				8BF028951EBDA820009AEE9F /* LaunchScreen.xib in Resources */,
				0E68C3301E0382A900C3CD4C /* Assets.xcassets in Resources */,
				8BF0288D1EBC1643009AEE9F /* platform2.png in Resources */,
			);
			runOnlyForDeploymentPostprocessing = 0;
		};
		0E68C3371E0382A900C3CD4C /* Resources */ = {
			isa = PBXResourcesBuildPhase;
			buildActionMask = 2147483647;
			files = (
			);
			runOnlyForDeploymentPostprocessing = 0;
		};
		0E68C3421E0382AA00C3CD4C /* Resources */ = {
			isa = PBXResourcesBuildPhase;
			buildActionMask = 2147483647;
			files = (
			);
			runOnlyForDeploymentPostprocessing = 0;
		};
/* End PBXResourcesBuildPhase section */

/* Begin PBXSourcesBuildPhase section */
		0E68C31B1E0382A900C3CD4C /* Sources */ = {
			isa = PBXSourcesBuildPhase;
			buildActionMask = 2147483647;
			files = (
				8BF028901EBD3238009AEE9F /* Platform.swift in Sources */,
				8BF0289A1EBEAD67009AEE9F /* ScoreLabel.swift in Sources */,
				0E68C3291E0382A900C3CD4C /* GameScene.swift in Sources */,
				8BF028921EBD325A009AEE9F /* PlatformGenerator.swift in Sources */,
				0E68C32B1E0382A900C3CD4C /* GameViewController.swift in Sources */,
				0E34E8F41E08EDD800209919 /* GameObjectNode.swift in Sources */,
				8BF028971EBE7B80009AEE9F /* Ball.swift in Sources */,
				0E68C3231E0382A900C3CD4C /* AppDelegate.swift in Sources */,
			);
			runOnlyForDeploymentPostprocessing = 0;
		};
		0E68C3351E0382A900C3CD4C /* Sources */ = {
			isa = PBXSourcesBuildPhase;
			buildActionMask = 2147483647;
			files = (
				0E68C33E1E0382A900C3CD4C /* ProjectNoNameTests.swift in Sources */,
			);
			runOnlyForDeploymentPostprocessing = 0;
		};
		0E68C3401E0382AA00C3CD4C /* Sources */ = {
			isa = PBXSourcesBuildPhase;
			buildActionMask = 2147483647;
			files = (
				0E68C3491E0382AA00C3CD4C /* ProjectNoNameUITests.swift in Sources */,
			);
			runOnlyForDeploymentPostprocessing = 0;
		};
/* End PBXSourcesBuildPhase section */

/* Begin PBXTargetDependency section */
		0E68C33B1E0382A900C3CD4C /* PBXTargetDependency */ = {
			isa = PBXTargetDependency;
			target = 0E68C31E1E0382A900C3CD4C /* ProjectNoName */;
			targetProxy = 0E68C33A1E0382A900C3CD4C /* PBXContainerItemProxy */;
		};
		0E68C3461E0382AA00C3CD4C /* PBXTargetDependency */ = {
			isa = PBXTargetDependency;
			target = 0E68C31E1E0382A900C3CD4C /* ProjectNoName */;
			targetProxy = 0E68C3451E0382AA00C3CD4C /* PBXContainerItemProxy */;
		};
/* End PBXTargetDependency section */

/* Begin PBXVariantGroup section */
		0E68C32C1E0382A900C3CD4C /* Main.storyboard */ = {
			isa = PBXVariantGroup;
			children = (
				0E68C32D1E0382A900C3CD4C /* Base */,
			);
			name = Main.storyboard;
			sourceTree = "<group>";
		};
		8BF028931EBDA820009AEE9F /* LaunchScreen.xib */ = {
			isa = PBXVariantGroup;
			children = (
				8BF028941EBDA820009AEE9F /* Base */,
			);
			name = LaunchScreen.xib;
			sourceTree = "<group>";
		};
/* End PBXVariantGroup section */

/* Begin XCBuildConfiguration section */
		0E68C34B1E0382AA00C3CD4C /* Debug */ = {
			isa = XCBuildConfiguration;
			buildSettings = {
				ALWAYS_SEARCH_USER_PATHS = NO;
				CLANG_ANALYZER_NONNULL = YES;
				CLANG_CXX_LANGUAGE_STANDARD = "gnu++0x";
				CLANG_CXX_LIBRARY = "libc++";
				CLANG_ENABLE_MODULES = YES;
				CLANG_ENABLE_OBJC_ARC = YES;
				CLANG_WARN_BOOL_CONVERSION = YES;
				CLANG_WARN_CONSTANT_CONVERSION = YES;
				CLANG_WARN_DIRECT_OBJC_ISA_USAGE = YES_ERROR;
				CLANG_WARN_DOCUMENTATION_COMMENTS = YES;
				CLANG_WARN_EMPTY_BODY = YES;
				CLANG_WARN_ENUM_CONVERSION = YES;
				CLANG_WARN_INFINITE_RECURSION = YES;
				CLANG_WARN_INT_CONVERSION = YES;
				CLANG_WARN_OBJC_ROOT_CLASS = YES_ERROR;
				CLANG_WARN_SUSPICIOUS_MOVE = YES;
				CLANG_WARN_SUSPICIOUS_MOVES = YES;
				CLANG_WARN_UNREACHABLE_CODE = YES;
				CLANG_WARN__DUPLICATE_METHOD_MATCH = YES;
				"CODE_SIGN_IDENTITY[sdk=iphoneos*]" = "iPhone Developer";
				COPY_PHASE_STRIP = NO;
				DEBUG_INFORMATION_FORMAT = dwarf;
				ENABLE_STRICT_OBJC_MSGSEND = YES;
				ENABLE_TESTABILITY = YES;
				GCC_C_LANGUAGE_STANDARD = gnu99;
				GCC_DYNAMIC_NO_PIC = NO;
				GCC_NO_COMMON_BLOCKS = YES;
				GCC_OPTIMIZATION_LEVEL = 0;
				GCC_PREPROCESSOR_DEFINITIONS = (
					"DEBUG=1",
					"$(inherited)",
				);
				GCC_WARN_64_TO_32_BIT_CONVERSION = YES;
				GCC_WARN_ABOUT_RETURN_TYPE = YES_ERROR;
				GCC_WARN_UNDECLARED_SELECTOR = YES;
				GCC_WARN_UNINITIALIZED_AUTOS = YES_AGGRESSIVE;
				GCC_WARN_UNUSED_FUNCTION = YES;
				GCC_WARN_UNUSED_VARIABLE = YES;
				IPHONEOS_DEPLOYMENT_TARGET = 10.1;
				MTL_ENABLE_DEBUG_INFO = YES;
				ONLY_ACTIVE_ARCH = YES;
				SDKROOT = iphoneos;
				SWIFT_ACTIVE_COMPILATION_CONDITIONS = DEBUG;
				SWIFT_OPTIMIZATION_LEVEL = "-Onone";
				TARGETED_DEVICE_FAMILY = "1,2";
			};
			name = Debug;
		};
		0E68C34C1E0382AA00C3CD4C /* Release */ = {
			isa = XCBuildConfiguration;
			buildSettings = {
				ALWAYS_SEARCH_USER_PATHS = NO;
				CLANG_ANALYZER_NONNULL = YES;
				CLANG_CXX_LANGUAGE_STANDARD = "gnu++0x";
				CLANG_CXX_LIBRARY = "libc++";
				CLANG_ENABLE_MODULES = YES;
				CLANG_ENABLE_OBJC_ARC = YES;
				CLANG_WARN_BOOL_CONVERSION = YES;
				CLANG_WARN_CONSTANT_CONVERSION = YES;
				CLANG_WARN_DIRECT_OBJC_ISA_USAGE = YES_ERROR;
				CLANG_WARN_DOCUMENTATION_COMMENTS = YES;
				CLANG_WARN_EMPTY_BODY = YES;
				CLANG_WARN_ENUM_CONVERSION = YES;
				CLANG_WARN_INFINITE_RECURSION = YES;
				CLANG_WARN_INT_CONVERSION = YES;
				CLANG_WARN_OBJC_ROOT_CLASS = YES_ERROR;
				CLANG_WARN_SUSPICIOUS_MOVE = YES;
				CLANG_WARN_SUSPICIOUS_MOVES = YES;
				CLANG_WARN_UNREACHABLE_CODE = YES;
				CLANG_WARN__DUPLICATE_METHOD_MATCH = YES;
				"CODE_SIGN_IDENTITY[sdk=iphoneos*]" = "iPhone Developer";
				COPY_PHASE_STRIP = NO;
				DEBUG_INFORMATION_FORMAT = "dwarf-with-dsym";
				ENABLE_NS_ASSERTIONS = NO;
				ENABLE_STRICT_OBJC_MSGSEND = YES;
				GCC_C_LANGUAGE_STANDARD = gnu99;
				GCC_NO_COMMON_BLOCKS = YES;
				GCC_WARN_64_TO_32_BIT_CONVERSION = YES;
				GCC_WARN_ABOUT_RETURN_TYPE = YES_ERROR;
				GCC_WARN_UNDECLARED_SELECTOR = YES;
				GCC_WARN_UNINITIALIZED_AUTOS = YES_AGGRESSIVE;
				GCC_WARN_UNUSED_FUNCTION = YES;
				GCC_WARN_UNUSED_VARIABLE = YES;
				IPHONEOS_DEPLOYMENT_TARGET = 10.1;
				MTL_ENABLE_DEBUG_INFO = NO;
				SDKROOT = iphoneos;
				SWIFT_OPTIMIZATION_LEVEL = "-Owholemodule";
				TARGETED_DEVICE_FAMILY = "1,2";
				VALIDATE_PRODUCT = YES;
			};
			name = Release;
		};
		0E68C34E1E0382AA00C3CD4C /* Debug */ = {
			isa = XCBuildConfiguration;
			buildSettings = {
				ASSETCATALOG_COMPILER_APPICON_NAME = AppIcon;
				DEVELOPMENT_TEAM = F8V4848TSM;
				INFOPLIST_FILE = ProjectNoName/Info.plist;
				LD_RUNPATH_SEARCH_PATHS = "$(inherited) @executable_path/Frameworks";
				PRODUCT_BUNDLE_IDENTIFIER = "Jay-Palm.ProjectNoName";
				PRODUCT_NAME = "$(TARGET_NAME)";
				SWIFT_VERSION = 3.0;
			};
			name = Debug;
		};
		0E68C34F1E0382AA00C3CD4C /* Release */ = {
			isa = XCBuildConfiguration;
			buildSettings = {
				ASSETCATALOG_COMPILER_APPICON_NAME = AppIcon;
				DEVELOPMENT_TEAM = F8V4848TSM;
				INFOPLIST_FILE = ProjectNoName/Info.plist;
				LD_RUNPATH_SEARCH_PATHS = "$(inherited) @executable_path/Frameworks";
				PRODUCT_BUNDLE_IDENTIFIER = "Jay-Palm.ProjectNoName";
				PRODUCT_NAME = "$(TARGET_NAME)";
				SWIFT_VERSION = 3.0;
			};
			name = Release;
		};
		0E68C3511E0382AA00C3CD4C /* Debug */ = {
			isa = XCBuildConfiguration;
			buildSettings = {
				ALWAYS_EMBED_SWIFT_STANDARD_LIBRARIES = YES;
				BUNDLE_LOADER = "$(TEST_HOST)";
				INFOPLIST_FILE = ProjectNoNameTests/Info.plist;
				LD_RUNPATH_SEARCH_PATHS = "$(inherited) @executable_path/Frameworks @loader_path/Frameworks";
				PRODUCT_BUNDLE_IDENTIFIER = "Jay-Palm.ProjectNoNameTests";
				PRODUCT_NAME = "$(TARGET_NAME)";
				SWIFT_VERSION = 3.0;
				TEST_HOST = "$(BUILT_PRODUCTS_DIR)/ProjectNoName.app/ProjectNoName";
			};
			name = Debug;
		};
		0E68C3521E0382AA00C3CD4C /* Release */ = {
			isa = XCBuildConfiguration;
			buildSettings = {
				ALWAYS_EMBED_SWIFT_STANDARD_LIBRARIES = YES;
				BUNDLE_LOADER = "$(TEST_HOST)";
				INFOPLIST_FILE = ProjectNoNameTests/Info.plist;
				LD_RUNPATH_SEARCH_PATHS = "$(inherited) @executable_path/Frameworks @loader_path/Frameworks";
				PRODUCT_BUNDLE_IDENTIFIER = "Jay-Palm.ProjectNoNameTests";
				PRODUCT_NAME = "$(TARGET_NAME)";
				SWIFT_VERSION = 3.0;
				TEST_HOST = "$(BUILT_PRODUCTS_DIR)/ProjectNoName.app/ProjectNoName";
			};
			name = Release;
		};
		0E68C3541E0382AA00C3CD4C /* Debug */ = {
			isa = XCBuildConfiguration;
			buildSettings = {
				ALWAYS_EMBED_SWIFT_STANDARD_LIBRARIES = YES;
				INFOPLIST_FILE = ProjectNoNameUITests/Info.plist;
				LD_RUNPATH_SEARCH_PATHS = "$(inherited) @executable_path/Frameworks @loader_path/Frameworks";
				PRODUCT_BUNDLE_IDENTIFIER = "Jay-Palm.ProjectNoNameUITests";
				PRODUCT_NAME = "$(TARGET_NAME)";
				SWIFT_VERSION = 3.0;
				TEST_TARGET_NAME = ProjectNoName;
			};
			name = Debug;
		};
		0E68C3551E0382AA00C3CD4C /* Release */ = {
			isa = XCBuildConfiguration;
			buildSettings = {
				ALWAYS_EMBED_SWIFT_STANDARD_LIBRARIES = YES;
				INFOPLIST_FILE = ProjectNoNameUITests/Info.plist;
				LD_RUNPATH_SEARCH_PATHS = "$(inherited) @executable_path/Frameworks @loader_path/Frameworks";
				PRODUCT_BUNDLE_IDENTIFIER = "Jay-Palm.ProjectNoNameUITests";
				PRODUCT_NAME = "$(TARGET_NAME)";
				SWIFT_VERSION = 3.0;
				TEST_TARGET_NAME = ProjectNoName;
			};
			name = Release;
		};
/* End XCBuildConfiguration section */

/* Begin XCConfigurationList section */
		0E68C31A1E0382A900C3CD4C /* Build configuration list for PBXProject "ProjectNoName" */ = {
			isa = XCConfigurationList;
			buildConfigurations = (
				0E68C34B1E0382AA00C3CD4C /* Debug */,
				0E68C34C1E0382AA00C3CD4C /* Release */,
			);
			defaultConfigurationIsVisible = 0;
			defaultConfigurationName = Release;
		};
		0E68C34D1E0382AA00C3CD4C /* Build configuration list for PBXNativeTarget "ProjectNoName" */ = {
			isa = XCConfigurationList;
			buildConfigurations = (
				0E68C34E1E0382AA00C3CD4C /* Debug */,
				0E68C34F1E0382AA00C3CD4C /* Release */,
			);
			defaultConfigurationIsVisible = 0;
			defaultConfigurationName = Release;
		};
		0E68C3501E0382AA00C3CD4C /* Build configuration list for PBXNativeTarget "ProjectNoNameTests" */ = {
			isa = XCConfigurationList;
			buildConfigurations = (
				0E68C3511E0382AA00C3CD4C /* Debug */,
				0E68C3521E0382AA00C3CD4C /* Release */,
			);
			defaultConfigurationIsVisible = 0;
			defaultConfigurationName = Release;
		};
		0E68C3531E0382AA00C3CD4C /* Build configuration list for PBXNativeTarget "ProjectNoNameUITests" */ = {
			isa = XCConfigurationList;
			buildConfigurations = (
				0E68C3541E0382AA00C3CD4C /* Debug */,
				0E68C3551E0382AA00C3CD4C /* Release */,
			);
			defaultConfigurationIsVisible = 0;
			defaultConfigurationName = Release;
		};
/* End XCConfigurationList section */
	};
	rootObject = 0E68C3171E0382A900C3CD4C /* Project object */;
}
